
Microsoft Visual Studio Solution File, Format Version 12.00
# Visual Studio 2013
VisualStudioVersion = 12.0.30723.0
MinimumVisualStudioVersion = 10.0.40219.1
Project("{FAE04EC0-301F-11D3-BF4B-00C04F79EFBC}") = "ScPredicateBuilderApp", "ScPredicateBuilderApp\ScPredicateBuilderApp.csproj", "{252568D7-367B-45E2-93D4-72D63BAA6C6B}"
EndProject
Global
	GlobalSection(TeamFoundationVersionControl) = preSolution
		SccNumberOfProjects = 2
		SccEnterpriseProvider = {4CA58AB2-18FA-4F8D-95D4-32DDF27D184C}
		SccLocalPath0 = .
		SccProjectUniqueName1 = ScPredicateBuilderApp\\ScPredicateBuilderApp.csproj
		SccProjectName1 = ScPredicateBuilderApp
		SccLocalPath1 = ScPredicateBuilderApp
	EndGlobalSection
	GlobalSection(SolutionConfigurationPlatforms) = preSolution
		Debug|Any CPU = Debug|Any CPU
		Release|Any CPU = Release|Any CPU
	EndGlobalSection
	GlobalSection(ProjectConfigurationPlatforms) = postSolution
		{252568D7-367B-45E2-93D4-72D63BAA6C6B}.Debug|Any CPU.ActiveCfg = Debug|Any CPU
		{252568D7-367B-45E2-93D4-72D63BAA6C6B}.Debug|Any CPU.Build.0 = Debug|Any CPU
		{252568D7-367B-45E2-93D4-72D63BAA6C6B}.Release|Any CPU.ActiveCfg = Release|Any CPU
		{252568D7-367B-45E2-93D4-72D63BAA6C6B}.Release|Any CPU.Build.0 = Release|Any CPU
	EndGlobalSection
	GlobalSection(SolutionProperties) = preSolution
		HideSolutionNode = FALSE
	EndGlobalSection
EndGlobal
